
Microsoft Visual Studio Solution File, Format Version 12.00
# Visual Studio Version 16
VisualStudioVersion = 16.0.29806.167
MinimumVisualStudioVersion = 10.0.40219.1
Project("{FAE04EC0-301F-11D3-BF4B-00C04F79EFBC}") = "Verus.UWP", "Verus\Verus.UWP\Verus.UWP.csproj", "{A6DA9734-2795-458B-9A72-8D16FA88D8AD}"
EndProject
Project("{FAE04EC0-301F-11D3-BF4B-00C04F79EFBC}") = "Verus.Android", "Verus\Verus.Android\Verus.Android.csproj", "{AC4DA697-27DC-450A-A3C2-FAE0E7E1DC8E}"
EndProject
Project("{FAE04EC0-301F-11D3-BF4B-00C04F79EFBC}") = "Verus.iOS", "Verus\Verus.iOS\Verus.iOS.csproj", "{736F8D79-30C5-42F3-B26C-9863C85DA794}"
EndProject
Project("{FAE04EC0-301F-11D3-BF4B-00C04F79EFBC}") = "Verus", "Verus\Verus\Verus.csproj", "{54623E56-CA3C-4136-8543-6294B7F97E30}"
EndProject
Global
	GlobalSection(SolutionConfigurationPlatforms) = preSolution
		Debug|Any CPU = Debug|Any CPU
		Debug|ARM = Debug|ARM
		Debug|iPhone = Debug|iPhone
		Debug|iPhoneSimulator = Debug|iPhoneSimulator
		Debug|x64 = Debug|x64
		Debug|x86 = Debug|x86
		Release|Any CPU = Release|Any CPU
		Release|ARM = Release|ARM
		Release|iPhone = Release|iPhone
		Release|iPhoneSimulator = Release|iPhoneSimulator
		Release|x64 = Release|x64
		Release|x86 = Release|x86
	EndGlobalSection
	GlobalSection(ProjectConfigurationPlatforms) = postSolution
		{A6DA9734-2795-458B-9A72-8D16FA88D8AD}.Debug|Any CPU.ActiveCfg = Debug|x86
		{A6DA9734-2795-458B-9A72-8D16FA88D8AD}.Debug|Any CPU.Build.0 = Debug|x86
		{A6DA9734-2795-458B-9A72-8D16FA88D8AD}.Debug|Any CPU.Deploy.0 = Debug|x86
		{A6DA9734-2795-458B-9A72-8D16FA88D8AD}.Debug|ARM.ActiveCfg = Debug|ARM
		{A6DA9734-2795-458B-9A72-8D16FA88D8AD}.Debug|ARM.Build.0 = Debug|ARM
		{A6DA9734-2795-458B-9A72-8D16FA88D8AD}.Debug|ARM.Deploy.0 = Debug|ARM
		{A6DA9734-2795-458B-9A72-8D16FA88D8AD}.Debug|iPhone.ActiveCfg = Debug|x86
		{A6DA9734-2795-458B-9A72-8D16FA88D8AD}.Debug|iPhone.Build.0 = Debug|x86
		{A6DA9734-2795-458B-9A72-8D16FA88D8AD}.Debug|iPhone.Deploy.0 = Debug|x86
		{A6DA9734-2795-458B-9A72-8D16FA88D8AD}.Debug|iPhoneSimulator.ActiveCfg = Debug|x86
		{A6DA9734-2795-458B-9A72-8D16FA88D8AD}.Debug|iPhoneSimulator.Build.0 = Debug|x86
		{A6DA9734-2795-458B-9A72-8D16FA88D8AD}.Debug|iPhoneSimulator.Deploy.0 = Debug|x86
		{A6DA9734-2795-458B-9A72-8D16FA88D8AD}.Debug|x64.ActiveCfg = Debug|x64
		{A6DA9734-2795-458B-9A72-8D16FA88D8AD}.Debug|x64.Build.0 = Debug|x64
		{A6DA9734-2795-458B-9A72-8D16FA88D8AD}.Debug|x64.Deploy.0 = Debug|x64
		{A6DA9734-2795-458B-9A72-8D16FA88D8AD}.Debug|x86.ActiveCfg = Debug|x86
		{A6DA9734-2795-458B-9A72-8D16FA88D8AD}.Debug|x86.Build.0 = Debug|x86
		{A6DA9734-2795-458B-9A72-8D16FA88D8AD}.Debug|x86.Deploy.0 = Debug|x86
		{A6DA9734-2795-458B-9A72-8D16FA88D8AD}.Release|Any CPU.ActiveCfg = Release|x86
		{A6DA9734-2795-458B-9A72-8D16FA88D8AD}.Release|Any CPU.Build.0 = Release|x86
		{A6DA9734-2795-458B-9A72-8D16FA88D8AD}.Release|Any CPU.Deploy.0 = Release|x86
		{A6DA9734-2795-458B-9A72-8D16FA88D8AD}.Release|ARM.ActiveCfg = Release|ARM
		{A6DA9734-2795-458B-9A72-8D16FA88D8AD}.Release|ARM.Build.0 = Release|ARM
		{A6DA9734-2795-458B-9A72-8D16FA88D8AD}.Release|ARM.Deploy.0 = Release|ARM
		{A6DA9734-2795-458B-9A72-8D16FA88D8AD}.Release|iPhone.ActiveCfg = Release|x86
		{A6DA9734-2795-458B-9A72-8D16FA88D8AD}.Release|iPhone.Build.0 = Release|x86
		{A6DA9734-2795-458B-9A72-8D16FA88D8AD}.Release|iPhone.Deploy.0 = Release|x86
		{A6DA9734-2795-458B-9A72-8D16FA88D8AD}.Release|iPhoneSimulator.ActiveCfg = Release|x86
		{A6DA9734-2795-458B-9A72-8D16FA88D8AD}.Release|iPhoneSimulator.Build.0 = Release|x86
		{A6DA9734-2795-458B-9A72-8D16FA88D8AD}.Release|iPhoneSimulator.Deploy.0 = Release|x86
		{A6DA9734-2795-458B-9A72-8D16FA88D8AD}.Release|x64.ActiveCfg = Release|x64
		{A6DA9734-2795-458B-9A72-8D16FA88D8AD}.Release|x64.Build.0 = Release|x64
		{A6DA9734-2795-458B-9A72-8D16FA88D8AD}.Release|x64.Deploy.0 = Release|x64
		{A6DA9734-2795-458B-9A72-8D16FA88D8AD}.Release|x86.ActiveCfg = Release|x86
		{A6DA9734-2795-458B-9A72-8D16FA88D8AD}.Release|x86.Build.0 = Release|x86
		{A6DA9734-2795-458B-9A72-8D16FA88D8AD}.Release|x86.Deploy.0 = Release|x86
		{AC4DA697-27DC-450A-A3C2-FAE0E7E1DC8E}.Debug|Any CPU.ActiveCfg = Debug|Any CPU
		{AC4DA697-27DC-450A-A3C2-FAE0E7E1DC8E}.Debug|Any CPU.Build.0 = Debug|Any CPU
		{AC4DA697-27DC-450A-A3C2-FAE0E7E1DC8E}.Debug|Any CPU.Deploy.0 = Debug|Any CPU
		{AC4DA697-27DC-450A-A3C2-FAE0E7E1DC8E}.Debug|ARM.ActiveCfg = Debug|Any CPU
		{AC4DA697-27DC-450A-A3C2-FAE0E7E1DC8E}.Debug|ARM.Build.0 = Debug|Any CPU
		{AC4DA697-27DC-450A-A3C2-FAE0E7E1DC8E}.Debug|ARM.Deploy.0 = Debug|Any CPU
		{AC4DA697-27DC-450A-A3C2-FAE0E7E1DC8E}.Debug|iPhone.ActiveCfg = Debug|Any CPU
		{AC4DA697-27DC-450A-A3C2-FAE0E7E1DC8E}.Debug|iPhone.Build.0 = Debug|Any CPU
		{AC4DA697-27DC-450A-A3C2-FAE0E7E1DC8E}.Debug|iPhone.Deploy.0 = Debug|Any CPU
		{AC4DA697-27DC-450A-A3C2-FAE0E7E1DC8E}.Debug|iPhoneSimulator.ActiveCfg = Debug|Any CPU
		{AC4DA697-27DC-450A-A3C2-FAE0E7E1DC8E}.Debug|iPhoneSimulator.Build.0 = Debug|Any CPU
		{AC4DA697-27DC-450A-A3C2-FAE0E7E1DC8E}.Debug|iPhoneSimulator.Deploy.0 = Debug|Any CPU
		{AC4DA697-27DC-450A-A3C2-FAE0E7E1DC8E}.Debug|x64.ActiveCfg = Debug|Any CPU
		{AC4DA697-27DC-450A-A3C2-FAE0E7E1DC8E}.Debug|x64.Build.0 = Debug|Any CPU
		{AC4DA697-27DC-450A-A3C2-FAE0E7E1DC8E}.Debug|x64.Deploy.0 = Debug|Any CPU
		{AC4DA697-27DC-450A-A3C2-FAE0E7E1DC8E}.Debug|x86.ActiveCfg = Debug|Any CPU
		{AC4DA697-27DC-450A-A3C2-FAE0E7E1DC8E}.Debug|x86.Build.0 = Debug|Any CPU
		{AC4DA697-27DC-450A-A3C2-FAE0E7E1DC8E}.Debug|x86.Deploy.0 = Debug|Any CPU
		{AC4DA697-27DC-450A-A3C2-FAE0E7E1DC8E}.Release|Any CPU.ActiveCfg = Release|Any CPU
		{AC4DA697-27DC-450A-A3C2-FAE0E7E1DC8E}.Release|Any CPU.Build.0 = Release|Any CPU
		{AC4DA697-27DC-450A-A3C2-FAE0E7E1DC8E}.Release|Any CPU.Deploy.0 = Release|Any CPU
		{AC4DA697-27DC-450A-A3C2-FAE0E7E1DC8E}.Release|ARM.ActiveCfg = Release|Any CPU
		{AC4DA697-27DC-450A-A3C2-FAE0E7E1DC8E}.Release|ARM.Build.0 = Release|Any CPU
		{AC4DA697-27DC-450A-A3C2-FAE0E7E1DC8E}.Release|ARM.Deploy.0 = Release|Any CPU
		{AC4DA697-27DC-450A-A3C2-FAE0E7E1DC8E}.Release|iPhone.ActiveCfg = Release|Any CPU
		{AC4DA697-27DC-450A-A3C2-FAE0E7E1DC8E}.Release|iPhone.Build.0 = Release|Any CPU
		{AC4DA697-27DC-450A-A3C2-FAE0E7E1DC8E}.Release|iPhone.Deploy.0 = Release|Any CPU
		{AC4DA697-27DC-450A-A3C2-FAE0E7E1DC8E}.Release|iPhoneSimulator.ActiveCfg = Release|Any CPU
		{AC4DA697-27DC-450A-A3C2-FAE0E7E1DC8E}.Release|iPhoneSimulator.Build.0 = Release|Any CPU
		{AC4DA697-27DC-450A-A3C2-FAE0E7E1DC8E}.Release|iPhoneSimulator.Deploy.0 = Release|Any CPU
		{AC4DA697-27DC-450A-A3C2-FAE0E7E1DC8E}.Release|x64.ActiveCfg = Release|Any CPU
		{AC4DA697-27DC-450A-A3C2-FAE0E7E1DC8E}.Release|x64.Build.0 = Release|Any CPU
		{AC4DA697-27DC-450A-A3C2-FAE0E7E1DC8E}.Release|x64.Deploy.0 = Release|Any CPU
		{AC4DA697-27DC-450A-A3C2-FAE0E7E1DC8E}.Release|x86.ActiveCfg = Release|Any CPU
		{AC4DA697-27DC-450A-A3C2-FAE0E7E1DC8E}.Release|x86.Build.0 = Release|Any CPU
		{AC4DA697-27DC-450A-A3C2-FAE0E7E1DC8E}.Release|x86.Deploy.0 = Release|Any CPU
		{736F8D79-30C5-42F3-B26C-9863C85DA794}.Debug|Any CPU.ActiveCfg = Debug|iPhone
		{736F8D79-30C5-42F3-B26C-9863C85DA794}.Debug|Any CPU.Build.0 = Debug|iPhone
		{736F8D79-30C5-42F3-B26C-9863C85DA794}.Debug|Any CPU.Deploy.0 = Debug|iPhone
		{736F8D79-30C5-42F3-B26C-9863C85DA794}.Debug|ARM.ActiveCfg = Debug|iPhoneSimulator
		{736F8D79-30C5-42F3-B26C-9863C85DA794}.Debug|ARM.Build.0 = Debug|iPhoneSimulator
		{736F8D79-30C5-42F3-B26C-9863C85DA794}.Debug|ARM.Deploy.0 = Debug|iPhoneSimulator
		{736F8D79-30C5-42F3-B26C-9863C85DA794}.Debug|iPhone.ActiveCfg = Debug|iPhone
		{736F8D79-30C5-42F3-B26C-9863C85DA794}.Debug|iPhone.Build.0 = Debug|iPhone
		{736F8D79-30C5-42F3-B26C-9863C85DA794}.Debug|iPhone.Deploy.0 = Debug|iPhone
		{736F8D79-30C5-42F3-B26C-9863C85DA794}.Debug|iPhoneSimulator.ActiveCfg = Debug|iPhoneSimulator
		{736F8D79-30C5-42F3-B26C-9863C85DA794}.Debug|iPhoneSimulator.Build.0 = Debug|iPhoneSimulator
		{736F8D79-30C5-42F3-B26C-9863C85DA794}.Debug|iPhoneSimulator.Deploy.0 = Debug|iPhoneSimulator
		{736F8D79-30C5-42F3-B26C-9863C85DA794}.Debug|x64.ActiveCfg = Debug|iPhone
		{736F8D79-30C5-42F3-B26C-9863C85DA794}.Debug|x64.Build.0 = Debug|iPhone
		{736F8D79-30C5-42F3-B26C-9863C85DA794}.Debug|x64.Deploy.0 = Debug|iPhone
		{736F8D79-30C5-42F3-B26C-9863C85DA794}.Debug|x86.ActiveCfg = Debug|iPhone
		{736F8D79-30C5-42F3-B26C-9863C85DA794}.Debug|x86.Build.0 = Debug|iPhone
		{736F8D79-30C5-42F3-B26C-9863C85DA794}.Debug|x86.Deploy.0 = Debug|iPhone
		{736F8D79-30C5-42F3-B26C-9863C85DA794}.Release|Any CPU.ActiveCfg = Release|iPhone
		{736F8D79-30C5-42F3-B26C-9863C85DA794}.Release|Any CPU.Build.0 = Release|iPhone
		{736F8D79-30C5-42F3-B26C-9863C85DA794}.Release|Any CPU.Deploy.0 = Release|iPhone
		{736F8D79-30C5-42F3-B26C-9863C85DA794}.Release|ARM.ActiveCfg = Release|iPhone
		{736F8D79-30C5-42F3-B26C-9863C85DA794}.Release|ARM.Build.0 = Release|iPhone
		{736F8D79-30C5-42F3-B26C-9863C85DA794}.Release|ARM.Deploy.0 = Release|iPhone
		{736F8D79-30C5-42F3-B26C-9863C85DA794}.Release|iPhone.ActiveCfg = Release|iPhone
		{736F8D79-30C5-42F3-B26C-9863C85DA794}.Release|iPhone.Build.0 = Release|iPhone
		{736F8D79-30C5-42F3-B26C-9863C85DA794}.Release|iPhone.Deploy.0 = Release|iPhone
		{736F8D79-30C5-42F3-B26C-9863C85DA794}.Release|iPhoneSimulator.ActiveCfg = Release|iPhoneSimulator
		{736F8D79-30C5-42F3-B26C-9863C85DA794}.Release|iPhoneSimulator.Build.0 = Release|iPhoneSimulator
		{736F8D79-30C5-42F3-B26C-9863C85DA794}.Release|iPhoneSimulator.Deploy.0 = Release|iPhoneSimulator
		{736F8D79-30C5-42F3-B26C-9863C85DA794}.Release|x64.ActiveCfg = Release|iPhone
		{736F8D79-30C5-42F3-B26C-9863C85DA794}.Release|x64.Build.0 = Release|iPhone
		{736F8D79-30C5-42F3-B26C-9863C85DA794}.Release|x64.Deploy.0 = Release|iPhone
		{736F8D79-30C5-42F3-B26C-9863C85DA794}.Release|x86.ActiveCfg = Release|iPhone
		{736F8D79-30C5-42F3-B26C-9863C85DA794}.Release|x86.Build.0 = Release|iPhone
		{736F8D79-30C5-42F3-B26C-9863C85DA794}.Release|x86.Deploy.0 = Release|iPhone
		{54623E56-CA3C-4136-8543-6294B7F97E30}.Debug|Any CPU.ActiveCfg = Debug|Any CPU
		{54623E56-CA3C-4136-8543-6294B7F97E30}.Debug|Any CPU.Build.0 = Debug|Any CPU
		{54623E56-CA3C-4136-8543-6294B7F97E30}.Debug|Any CPU.Deploy.0 = Debug|Any CPU
		{54623E56-CA3C-4136-8543-6294B7F97E30}.Debug|ARM.ActiveCfg = Debug|Any CPU
		{54623E56-CA3C-4136-8543-6294B7F97E30}.Debug|ARM.Build.0 = Debug|Any CPU
		{54623E56-CA3C-4136-8543-6294B7F97E30}.Debug|ARM.Deploy.0 = Debug|Any CPU
		{54623E56-CA3C-4136-8543-6294B7F97E30}.Debug|iPhone.ActiveCfg = Debug|Any CPU
		{54623E56-CA3C-4136-8543-6294B7F97E30}.Debug|iPhone.Build.0 = Debug|Any CPU
		{54623E56-CA3C-4136-8543-6294B7F97E30}.Debug|iPhone.Deploy.0 = Debug|Any CPU
		{54623E56-CA3C-4136-8543-6294B7F97E30}.Debug|iPhoneSimulator.ActiveCfg = Debug|Any CPU
		{54623E56-CA3C-4136-8543-6294B7F97E30}.Debug|iPhoneSimulator.Build.0 = Debug|Any CPU
		{54623E56-CA3C-4136-8543-6294B7F97E30}.Debug|iPhoneSimulator.Deploy.0 = Debug|Any CPU
		{54623E56-CA3C-4136-8543-6294B7F97E30}.Debug|x64.ActiveCfg = Debug|Any CPU
		{54623E56-CA3C-4136-8543-6294B7F97E30}.Debug|x64.Build.0 = Debug|Any CPU
		{54623E56-CA3C-4136-8543-6294B7F97E30}.Debug|x64.Deploy.0 = Debug|Any CPU
		{54623E56-CA3C-4136-8543-6294B7F97E30}.Debug|x86.ActiveCfg = Debug|Any CPU
		{54623E56-CA3C-4136-8543-6294B7F97E30}.Debug|x86.Build.0 = Debug|Any CPU
		{54623E56-CA3C-4136-8543-6294B7F97E30}.Debug|x86.Deploy.0 = Debug|Any CPU
		{54623E56-CA3C-4136-8543-6294B7F97E30}.Release|Any CPU.ActiveCfg = Release|Any CPU
		{54623E56-CA3C-4136-8543-6294B7F97E30}.Release|Any CPU.Build.0 = Release|Any CPU
		{54623E56-CA3C-4136-8543-6294B7F97E30}.Release|Any CPU.Deploy.0 = Release|Any CPU
		{54623E56-CA3C-4136-8543-6294B7F97E30}.Release|ARM.ActiveCfg = Release|Any CPU
		{54623E56-CA3C-4136-8543-6294B7F97E30}.Release|ARM.Build.0 = Release|Any CPU
		{54623E56-CA3C-4136-8543-6294B7F97E30}.Release|ARM.Deploy.0 = Release|Any CPU
		{54623E56-CA3C-4136-8543-6294B7F97E30}.Release|iPhone.ActiveCfg = Release|Any CPU
		{54623E56-CA3C-4136-8543-6294B7F97E30}.Release|iPhone.Build.0 = Release|Any CPU
		{54623E56-CA3C-4136-8543-6294B7F97E30}.Release|iPhone.Deploy.0 = Release|Any CPU
		{54623E56-CA3C-4136-8543-6294B7F97E30}.Release|iPhoneSimulator.ActiveCfg = Release|Any CPU
		{54623E56-CA3C-4136-8543-6294B7F97E30}.Release|iPhoneSimulator.Build.0 = Release|Any CPU
		{54623E56-CA3C-4136-8543-6294B7F97E30}.Release|iPhoneSimulator.Deploy.0 = Release|Any CPU
		{54623E56-CA3C-4136-8543-6294B7F97E30}.Release|x64.ActiveCfg = Release|Any CPU
		{54623E56-CA3C-4136-8543-6294B7F97E30}.Release|x64.Build.0 = Release|Any CPU
		{54623E56-CA3C-4136-8543-6294B7F97E30}.Release|x64.Deploy.0 = Release|Any CPU
		{54623E56-CA3C-4136-8543-6294B7F97E30}.Release|x86.ActiveCfg = Release|Any CPU
		{54623E56-CA3C-4136-8543-6294B7F97E30}.Release|x86.Build.0 = Release|Any CPU
		{54623E56-CA3C-4136-8543-6294B7F97E30}.Release|x86.Deploy.0 = Release|Any CPU
	EndGlobalSection
	GlobalSection(SolutionProperties) = preSolution
		HideSolutionNode = FALSE
	EndGlobalSection
	GlobalSection(ExtensibilityGlobals) = postSolution
		SolutionGuid = {F5D95EB2-43BF-4F93-8D43-11C069EA370B}
	EndGlobalSection
EndGlobal
